
Microsoft Visual Studio Solution File, Format Version 12.00
# Visual Studio Version 17
VisualStudioVersion = 17.8.34112.27
MinimumVisualStudioVersion = 10.0.40219.1
Project("{9A19103F-16F7-4668-BE54-9A1E7A4F7556}") = "MomoSwitch", "MomoSwitch\MomoSwitch.csproj", "{4E67CA17-0C35-4CC6-BB31-6A853289E58C}"
EndProject
Project("{9A19103F-16F7-4668-BE54-9A1E7A4F7556}") = "CipProxy", "CipProxy\CipProxy.csproj", "{77FE7504-5E13-405B-AA52-B4EED797E232}"
EndProject
Project("{9A19103F-16F7-4668-BE54-9A1E7A4F7556}") = "Momo.Common", "Momo.Common\Momo.Common.csproj", "{78B2C9F6-B5B1-4AE6-A092-161D4B97C228}"
EndProject
Project("{FAE04EC0-301F-11D3-BF4B-00C04F79EFBC}") = "NipInwardProxy", "NipInwardProxy\NipInwardProxy.csproj", "{70B61F9B-06BC-4B0A-BA66-5F23ED57C90E}"
EndProject
Project("{9A19103F-16F7-4668-BE54-9A1E7A4F7556}") = "NipOutwardProxy", "NipOutwardProxy\NipOutwardProxy.csproj", "{8920EFF0-F093-411F-94B1-2306FD719C22}"
EndProject
Project("{9A19103F-16F7-4668-BE54-9A1E7A4F7556}") = "SwitchPortal", "SwitchPortal\SwitchPortal\SwitchPortal.csproj", "{08F1AD6D-FD31-4F90-AB10-BF2E4B723C25}"
EndProject
Project("{9A19103F-16F7-4668-BE54-9A1E7A4F7556}") = "SwitchPortal.Client", "SwitchPortal\SwitchPortal.Client\SwitchPortal.Client.csproj", "{587F3300-2614-4CE7-9E2D-E07CCDC339D7}"
EndProject
Project("{9A19103F-16F7-4668-BE54-9A1E7A4F7556}") = "MomoSwitchPortal", "MomoSwitchPortal\MomoSwitchPortal.csproj", "{5B0D8615-0352-41DC-9792-87DBEB49E214}"
EndProject
Project("{9A19103F-16F7-4668-BE54-9A1E7A4F7556}") = "SwitchRequery", "SwitchRequery\SwitchRequery.csproj", "{16A15846-4F91-4856-AEE9-F01E73ED19F9}"
EndProject
Project("{9A19103F-16F7-4668-BE54-9A1E7A4F7556}") = "Jobs", "Jobs\Jobs.csproj", "{5210D8F1-A93D-49B3-AF9F-D3A62F2B3685}"
EndProject
Project("{9A19103F-16F7-4668-BE54-9A1E7A4F7556}") = "EtransactProxy", "EtransactProxy\EtransactProxy.csproj", "{0F14DE67-C555-4192-923E-BBE86CE6A2DD}"
EndProject
Project("{9A19103F-16F7-4668-BE54-9A1E7A4F7556}") = "ArcaProxy", "ArcaProxy\ArcaProxy.csproj", "{BB337F81-6BF7-4788-90F3-5B8D5804E5DC}"
EndProject
Project("{9A19103F-16F7-4668-BE54-9A1E7A4F7556}") = "MomoSwitch.Analysis", "MomoSwitch.Analysis\MomoSwitch.Analysis.csproj", "{CE386499-B143-4ED7-A5F4-90D99666754A}"
EndProject
Project("{FAE04EC0-301F-11D3-BF4B-00C04F79EFBC}") = "RemitaProxy", "RemitaProxy\RemitaProxy.csproj", "{36BB41B0-A966-4211-AD38-5227562FB711}"
EndProject
Global
	GlobalSection(SolutionConfigurationPlatforms) = preSolution
		Debug|Any CPU = Debug|Any CPU
		Release|Any CPU = Release|Any CPU
	EndGlobalSection
	GlobalSection(ProjectConfigurationPlatforms) = postSolution
		{4E67CA17-0C35-4CC6-BB31-6A853289E58C}.Debug|Any CPU.ActiveCfg = Debug|Any CPU
		{4E67CA17-0C35-4CC6-BB31-6A853289E58C}.Debug|Any CPU.Build.0 = Debug|Any CPU
		{4E67CA17-0C35-4CC6-BB31-6A853289E58C}.Release|Any CPU.ActiveCfg = Release|Any CPU
		{4E67CA17-0C35-4CC6-BB31-6A853289E58C}.Release|Any CPU.Build.0 = Release|Any CPU
		{77FE7504-5E13-405B-AA52-B4EED797E232}.Debug|Any CPU.ActiveCfg = Debug|Any CPU
		{77FE7504-5E13-405B-AA52-B4EED797E232}.Debug|Any CPU.Build.0 = Debug|Any CPU
		{77FE7504-5E13-405B-AA52-B4EED797E232}.Release|Any CPU.ActiveCfg = Release|Any CPU
		{77FE7504-5E13-405B-AA52-B4EED797E232}.Release|Any CPU.Build.0 = Release|Any CPU
		{78B2C9F6-B5B1-4AE6-A092-161D4B97C228}.Debug|Any CPU.ActiveCfg = Debug|Any CPU
		{78B2C9F6-B5B1-4AE6-A092-161D4B97C228}.Debug|Any CPU.Build.0 = Debug|Any CPU
		{78B2C9F6-B5B1-4AE6-A092-161D4B97C228}.Release|Any CPU.ActiveCfg = Release|Any CPU
		{78B2C9F6-B5B1-4AE6-A092-161D4B97C228}.Release|Any CPU.Build.0 = Release|Any CPU
		{70B61F9B-06BC-4B0A-BA66-5F23ED57C90E}.Debug|Any CPU.ActiveCfg = Debug|Any CPU
		{70B61F9B-06BC-4B0A-BA66-5F23ED57C90E}.Debug|Any CPU.Build.0 = Debug|Any CPU
		{70B61F9B-06BC-4B0A-BA66-5F23ED57C90E}.Release|Any CPU.ActiveCfg = Release|Any CPU
		{70B61F9B-06BC-4B0A-BA66-5F23ED57C90E}.Release|Any CPU.Build.0 = Release|Any CPU
		{8920EFF0-F093-411F-94B1-2306FD719C22}.Debug|Any CPU.ActiveCfg = Debug|Any CPU
		{8920EFF0-F093-411F-94B1-2306FD719C22}.Debug|Any CPU.Build.0 = Debug|Any CPU
		{8920EFF0-F093-411F-94B1-2306FD719C22}.Release|Any CPU.ActiveCfg = Release|Any CPU
		{8920EFF0-F093-411F-94B1-2306FD719C22}.Release|Any CPU.Build.0 = Release|Any CPU
		{08F1AD6D-FD31-4F90-AB10-BF2E4B723C25}.Debug|Any CPU.ActiveCfg = Debug|Any CPU
		{08F1AD6D-FD31-4F90-AB10-BF2E4B723C25}.Debug|Any CPU.Build.0 = Debug|Any CPU
		{08F1AD6D-FD31-4F90-AB10-BF2E4B723C25}.Release|Any CPU.ActiveCfg = Release|Any CPU
		{08F1AD6D-FD31-4F90-AB10-BF2E4B723C25}.Release|Any CPU.Build.0 = Release|Any CPU
		{587F3300-2614-4CE7-9E2D-E07CCDC339D7}.Debug|Any CPU.ActiveCfg = Debug|Any CPU
		{587F3300-2614-4CE7-9E2D-E07CCDC339D7}.Debug|Any CPU.Build.0 = Debug|Any CPU
		{587F3300-2614-4CE7-9E2D-E07CCDC339D7}.Release|Any CPU.ActiveCfg = Release|Any CPU
		{587F3300-2614-4CE7-9E2D-E07CCDC339D7}.Release|Any CPU.Build.0 = Release|Any CPU
		{5B0D8615-0352-41DC-9792-87DBEB49E214}.Debug|Any CPU.ActiveCfg = Debug|Any CPU
		{5B0D8615-0352-41DC-9792-87DBEB49E214}.Debug|Any CPU.Build.0 = Debug|Any CPU
		{5B0D8615-0352-41DC-9792-87DBEB49E214}.Release|Any CPU.ActiveCfg = Release|Any CPU
		{5B0D8615-0352-41DC-9792-87DBEB49E214}.Release|Any CPU.Build.0 = Release|Any CPU
		{16A15846-4F91-4856-AEE9-F01E73ED19F9}.Debug|Any CPU.ActiveCfg = Debug|Any CPU
		{16A15846-4F91-4856-AEE9-F01E73ED19F9}.Debug|Any CPU.Build.0 = Debug|Any CPU
		{16A15846-4F91-4856-AEE9-F01E73ED19F9}.Release|Any CPU.ActiveCfg = Release|Any CPU
		{16A15846-4F91-4856-AEE9-F01E73ED19F9}.Release|Any CPU.Build.0 = Release|Any CPU
		{5210D8F1-A93D-49B3-AF9F-D3A62F2B3685}.Debug|Any CPU.ActiveCfg = Debug|Any CPU
		{5210D8F1-A93D-49B3-AF9F-D3A62F2B3685}.Debug|Any CPU.Build.0 = Debug|Any CPU
		{5210D8F1-A93D-49B3-AF9F-D3A62F2B3685}.Release|Any CPU.ActiveCfg = Release|Any CPU
		{5210D8F1-A93D-49B3-AF9F-D3A62F2B3685}.Release|Any CPU.Build.0 = Release|Any CPU
		{0F14DE67-C555-4192-923E-BBE86CE6A2DD}.Debug|Any CPU.ActiveCfg = Debug|Any CPU
		{0F14DE67-C555-4192-923E-BBE86CE6A2DD}.Debug|Any CPU.Build.0 = Debug|Any CPU
		{0F14DE67-C555-4192-923E-BBE86CE6A2DD}.Release|Any CPU.ActiveCfg = Release|Any CPU
		{0F14DE67-C555-4192-923E-BBE86CE6A2DD}.Release|Any CPU.Build.0 = Release|Any CPU
		{BB337F81-6BF7-4788-90F3-5B8D5804E5DC}.Debug|Any CPU.ActiveCfg = Debug|Any CPU
		{BB337F81-6BF7-4788-90F3-5B8D5804E5DC}.Debug|Any CPU.Build.0 = Debug|Any CPU
		{BB337F81-6BF7-4788-90F3-5B8D5804E5DC}.Release|Any CPU.ActiveCfg = Release|Any CPU
		{BB337F81-6BF7-4788-90F3-5B8D5804E5DC}.Release|Any CPU.Build.0 = Release|Any CPU
		{CE386499-B143-4ED7-A5F4-90D99666754A}.Debug|Any CPU.ActiveCfg = Debug|Any CPU
		{CE386499-B143-4ED7-A5F4-90D99666754A}.Debug|Any CPU.Build.0 = Debug|Any CPU
		{CE386499-B143-4ED7-A5F4-90D99666754A}.Release|Any CPU.ActiveCfg = Release|Any CPU
		{CE386499-B143-4ED7-A5F4-90D99666754A}.Release|Any CPU.Build.0 = Release|Any CPU
		{36BB41B0-A966-4211-AD38-5227562FB711}.Debug|Any CPU.ActiveCfg = Debug|Any CPU
		{36BB41B0-A966-4211-AD38-5227562FB711}.Debug|Any CPU.Build.0 = Debug|Any CPU
		{36BB41B0-A966-4211-AD38-5227562FB711}.Release|Any CPU.ActiveCfg = Release|Any CPU
		{36BB41B0-A966-4211-AD38-5227562FB711}.Release|Any CPU.Build.0 = Release|Any CPU
	EndGlobalSection
	GlobalSection(SolutionProperties) = preSolution
		HideSolutionNode = FALSE
	EndGlobalSection
	GlobalSection(ExtensibilityGlobals) = postSolution
		SolutionGuid = {269D0DDD-44F2-4805-911E-8B8CA79DFFEF}
	EndGlobalSection
EndGlobal
